
Microsoft Visual Studio Solution File, Format Version 12.00
# Visual Studio Version 16
VisualStudioVersion = 16.0.31515.178
MinimumVisualStudioVersion = 10.0.40219.1
Project("{FAE04EC0-301F-11D3-BF4B-00C04F79EFBC}") = "WebPresentacion", "WebPresentacion\WebPresentacion.csproj", "{D542CCBB-3527-4B4D-AF79-5E0D8C2579DF}"
EndProject
Project("{FAE04EC0-301F-11D3-BF4B-00C04F79EFBC}") = "LogicadeNegocios", "LogicadeNegocios\LogicadeNegocios.csproj", "{71C786B6-F170-4202-9B9B-CF1D1B25DEF4}"
EndProject
Project("{FAE04EC0-301F-11D3-BF4B-00C04F79EFBC}") = "AccesData", "AccesData\AccesData.csproj", "{37CFD374-3CC7-4C91-A90D-D43664FE37A3}"
EndProject
Project("{FAE04EC0-301F-11D3-BF4B-00C04F79EFBC}") = "Entidades", "Entidades\Entidades.csproj", "{2D2F0C58-8FF2-41FA-9642-36DCF3511EF7}"
EndProject
Global
	GlobalSection(SolutionConfigurationPlatforms) = preSolution
		Debug|Any CPU = Debug|Any CPU
		Release|Any CPU = Release|Any CPU
	EndGlobalSection
	GlobalSection(ProjectConfigurationPlatforms) = postSolution
		{D542CCBB-3527-4B4D-AF79-5E0D8C2579DF}.Debug|Any CPU.ActiveCfg = Debug|Any CPU
		{D542CCBB-3527-4B4D-AF79-5E0D8C2579DF}.Debug|Any CPU.Build.0 = Debug|Any CPU
		{D542CCBB-3527-4B4D-AF79-5E0D8C2579DF}.Release|Any CPU.ActiveCfg = Release|Any CPU
		{D542CCBB-3527-4B4D-AF79-5E0D8C2579DF}.Release|Any CPU.Build.0 = Release|Any CPU
		{71C786B6-F170-4202-9B9B-CF1D1B25DEF4}.Debug|Any CPU.ActiveCfg = Debug|Any CPU
		{71C786B6-F170-4202-9B9B-CF1D1B25DEF4}.Debug|Any CPU.Build.0 = Debug|Any CPU
		{71C786B6-F170-4202-9B9B-CF1D1B25DEF4}.Release|Any CPU.ActiveCfg = Release|Any CPU
		{71C786B6-F170-4202-9B9B-CF1D1B25DEF4}.Release|Any CPU.Build.0 = Release|Any CPU
		{37CFD374-3CC7-4C91-A90D-D43664FE37A3}.Debug|Any CPU.ActiveCfg = Debug|Any CPU
		{37CFD374-3CC7-4C91-A90D-D43664FE37A3}.Debug|Any CPU.Build.0 = Debug|Any CPU
		{37CFD374-3CC7-4C91-A90D-D43664FE37A3}.Release|Any CPU.ActiveCfg = Release|Any CPU
		{37CFD374-3CC7-4C91-A90D-D43664FE37A3}.Release|Any CPU.Build.0 = Release|Any CPU
		{2D2F0C58-8FF2-41FA-9642-36DCF3511EF7}.Debug|Any CPU.ActiveCfg = Debug|Any CPU
		{2D2F0C58-8FF2-41FA-9642-36DCF3511EF7}.Debug|Any CPU.Build.0 = Debug|Any CPU
		{2D2F0C58-8FF2-41FA-9642-36DCF3511EF7}.Release|Any CPU.ActiveCfg = Release|Any CPU
		{2D2F0C58-8FF2-41FA-9642-36DCF3511EF7}.Release|Any CPU.Build.0 = Release|Any CPU
	EndGlobalSection
	GlobalSection(SolutionProperties) = preSolution
		HideSolutionNode = FALSE
	EndGlobalSection
	GlobalSection(ExtensibilityGlobals) = postSolution
		SolutionGuid = {C03ABD37-E92E-4276-9A87-FAC8A6AD6FD7}
	EndGlobalSection
EndGlobal
